
Microsoft Visual Studio Solution File, Format Version 12.00
# Visual Studio 15
VisualStudioVersion = 15.0.27130.0
MinimumVisualStudioVersion = 10.0.40219.1
Project("{FAE04EC0-301F-11D3-BF4B-00C04F79EFBC}") = "matching", "matching\matching.csproj", "{68C48D1A-1E48-498D-917B-66E7BFF19E2D}"
EndProject
Global
	GlobalSection(SolutionConfigurationPlatforms) = preSolution
		Debug|Any CPU = Debug|Any CPU
		Release|Any CPU = Release|Any CPU
	EndGlobalSection
	GlobalSection(ProjectConfigurationPlatforms) = postSolution
		{68C48D1A-1E48-498D-917B-66E7BFF19E2D}.Debug|Any CPU.ActiveCfg = Debug|Any CPU
		{68C48D1A-1E48-498D-917B-66E7BFF19E2D}.Debug|Any CPU.Build.0 = Debug|Any CPU
		{68C48D1A-1E48-498D-917B-66E7BFF19E2D}.Release|Any CPU.ActiveCfg = Release|Any CPU
		{68C48D1A-1E48-498D-917B-66E7BFF19E2D}.Release|Any CPU.Build.0 = Release|Any CPU
	EndGlobalSection
	GlobalSection(SolutionProperties) = preSolution
		HideSolutionNode = FALSE
	EndGlobalSection
	GlobalSection(ExtensibilityGlobals) = postSolution
		SolutionGuid = {56FAD09D-4012-4EF7-A0B7-AF9D9B46C505}
	EndGlobalSection
EndGlobal
